
Microsoft Visual Studio Solution File, Format Version 12.00
# Visual Studio Version 16
VisualStudioVersion = 16.0.29613.14
MinimumVisualStudioVersion = 10.0.40219.1
Project("{9A19103F-16F7-4668-BE54-9A1E7A4F7556}") = "Routes", "Routes\Routes.csproj", "{B25CC3D1-884A-4D41-AC02-70DC6472ECCC}"
EndProject
Project("{9A19103F-16F7-4668-BE54-9A1E7A4F7556}") = "FileChanger3", "FileChanger3\FileChanger3.csproj", "{F795575D-2CDE-4217-AB6A-4AED7459C8EF}"
EndProject
Global
	GlobalSection(SolutionConfigurationPlatforms) = preSolution
		Debug|Any CPU = Debug|Any CPU
		Release|Any CPU = Release|Any CPU
	EndGlobalSection
	GlobalSection(ProjectConfigurationPlatforms) = postSolution
		{B25CC3D1-884A-4D41-AC02-70DC6472ECCC}.Debug|Any CPU.ActiveCfg = Debug|Any CPU
		{B25CC3D1-884A-4D41-AC02-70DC6472ECCC}.Debug|Any CPU.Build.0 = Debug|Any CPU
		{B25CC3D1-884A-4D41-AC02-70DC6472ECCC}.Release|Any CPU.ActiveCfg = Release|Any CPU
		{B25CC3D1-884A-4D41-AC02-70DC6472ECCC}.Release|Any CPU.Build.0 = Release|Any CPU
		{F795575D-2CDE-4217-AB6A-4AED7459C8EF}.Debug|Any CPU.ActiveCfg = Debug|Any CPU
		{F795575D-2CDE-4217-AB6A-4AED7459C8EF}.Debug|Any CPU.Build.0 = Debug|Any CPU
		{F795575D-2CDE-4217-AB6A-4AED7459C8EF}.Release|Any CPU.ActiveCfg = Release|Any CPU
		{F795575D-2CDE-4217-AB6A-4AED7459C8EF}.Release|Any CPU.Build.0 = Release|Any CPU
	EndGlobalSection
	GlobalSection(SolutionProperties) = preSolution
		HideSolutionNode = FALSE
	EndGlobalSection
	GlobalSection(ExtensibilityGlobals) = postSolution
		SolutionGuid = {67EC55A8-9A9C-4173-AF2E-BF399E4B0025}
	EndGlobalSection
EndGlobal
