
Microsoft Visual Studio Solution File, Format Version 12.00
# Visual Studio Version 16
VisualStudioVersion = 16.0.29613.14
MinimumVisualStudioVersion = 10.0.40219.1
Project("{9A19103F-16F7-4668-BE54-9A1E7A4F7556}") = "FileChanger3", "FileChanger3.csproj", "{C7630254-41DB-4096-8F49-5B36F5D13F58}"
EndProject
Project("{FAE04EC0-301F-11D3-BF4B-00C04F79EFBC}") = "Routes", "..\Routes\Routes.csproj", "{4009B9F7-0B20-466E-BBFB-0167758D1209}"
EndProject
Global
	GlobalSection(SolutionConfigurationPlatforms) = preSolution
		Debug|Any CPU = Debug|Any CPU
		Release|Any CPU = Release|Any CPU
	EndGlobalSection
	GlobalSection(ProjectConfigurationPlatforms) = postSolution
		{C7630254-41DB-4096-8F49-5B36F5D13F58}.Debug|Any CPU.ActiveCfg = Debug|Any CPU
		{C7630254-41DB-4096-8F49-5B36F5D13F58}.Debug|Any CPU.Build.0 = Debug|Any CPU
		{C7630254-41DB-4096-8F49-5B36F5D13F58}.Release|Any CPU.ActiveCfg = Release|Any CPU
		{C7630254-41DB-4096-8F49-5B36F5D13F58}.Release|Any CPU.Build.0 = Release|Any CPU
		{4009B9F7-0B20-466E-BBFB-0167758D1209}.Debug|Any CPU.ActiveCfg = Debug|Any CPU
		{4009B9F7-0B20-466E-BBFB-0167758D1209}.Debug|Any CPU.Build.0 = Debug|Any CPU
		{4009B9F7-0B20-466E-BBFB-0167758D1209}.Release|Any CPU.ActiveCfg = Release|Any CPU
		{4009B9F7-0B20-466E-BBFB-0167758D1209}.Release|Any CPU.Build.0 = Release|Any CPU
	EndGlobalSection
	GlobalSection(SolutionProperties) = preSolution
		HideSolutionNode = FALSE
	EndGlobalSection
	GlobalSection(ExtensibilityGlobals) = postSolution
		SolutionGuid = {67EC55A8-9A9C-4173-AF2E-BF399E4B0025}
	EndGlobalSection
EndGlobal
